
Microsoft Visual Studio Solution File, Format Version 12.00
# Visual Studio Version 16
VisualStudioVersion = 16.0.29613.14
MinimumVisualStudioVersion = 10.0.40219.1
Project("{9A19103F-16F7-4668-BE54-9A1E7A4F7556}") = "Test", "Test.csproj", "{82271EA2-BF11-48D9-8BAE-59A6E1013504}"
EndProject
Project("{FAE04EC0-301F-11D3-BF4B-00C04F79EFBC}") = "TestTests", "..\TestTests\TestTests.csproj", "{CD14B3FB-E48A-4AB3-A44E-48A5E066E6EB}"
EndProject
Global
	GlobalSection(SolutionConfigurationPlatforms) = preSolution
		Debug|Any CPU = Debug|Any CPU
		Release|Any CPU = Release|Any CPU
	EndGlobalSection
	GlobalSection(ProjectConfigurationPlatforms) = postSolution
		{82271EA2-BF11-48D9-8BAE-59A6E1013504}.Debug|Any CPU.ActiveCfg = Debug|Any CPU
		{82271EA2-BF11-48D9-8BAE-59A6E1013504}.Debug|Any CPU.Build.0 = Debug|Any CPU
		{82271EA2-BF11-48D9-8BAE-59A6E1013504}.Release|Any CPU.ActiveCfg = Release|Any CPU
		{82271EA2-BF11-48D9-8BAE-59A6E1013504}.Release|Any CPU.Build.0 = Release|Any CPU
		{CD14B3FB-E48A-4AB3-A44E-48A5E066E6EB}.Debug|Any CPU.ActiveCfg = Debug|Any CPU
		{CD14B3FB-E48A-4AB3-A44E-48A5E066E6EB}.Debug|Any CPU.Build.0 = Debug|Any CPU
		{CD14B3FB-E48A-4AB3-A44E-48A5E066E6EB}.Release|Any CPU.ActiveCfg = Release|Any CPU
		{CD14B3FB-E48A-4AB3-A44E-48A5E066E6EB}.Release|Any CPU.Build.0 = Release|Any CPU
	EndGlobalSection
	GlobalSection(SolutionProperties) = preSolution
		HideSolutionNode = FALSE
	EndGlobalSection
	GlobalSection(ExtensibilityGlobals) = postSolution
		SolutionGuid = {B2CCA486-F867-4655-9099-B568056F3211}
	EndGlobalSection
EndGlobal
